
Microsoft Visual Studio Solution File, Format Version 12.00
# Visual Studio Version 17
VisualStudioVersion = 17.10.34928.147
MinimumVisualStudioVersion = 10.0.40219.1
Project("{9A19103F-16F7-4668-BE54-9A1E7A4F7556}") = "KOIFARMSHOP.Data", "KOIFARMSHOP.Data\KOIFARMSHOP.Data.csproj", "{F10F0021-D21F-41BD-B398-3CDF9BDABA42}"
EndProject
Project("{9A19103F-16F7-4668-BE54-9A1E7A4F7556}") = "KOIFARMSHOP.Service", "KOIFARMSHOP.Service\KOIFARMSHOP.Service.csproj", "{D2AE3B48-BB83-49FB-ABF5-89E4525F2254}"
EndProject
Project("{9A19103F-16F7-4668-BE54-9A1E7A4F7556}") = "KOIFARMSHOP.Common", "KOIFARMSHOP.Common\KOIFARMSHOP.Common.csproj", "{CE9B612F-82D5-4179-AB29-FADD4D374573}"
EndProject
Project("{9A19103F-16F7-4668-BE54-9A1E7A4F7556}") = "KOIFARMSHOP.APIService", "KOIFARMSHOP.APIService\KOIFARMSHOP.APIService.csproj", "{902E31E2-5E9F-4F32-9647-87A4D3DC46F6}"
EndProject
Project("{9A19103F-16F7-4668-BE54-9A1E7A4F7556}") = "KOIFARMSHOP.MVCWebApp", "KOIFARMSHOP.MVCWebApp\KOIFARMSHOP.MVCWebApp.csproj", "{000143FB-B890-41BB-AB98-E97B81555A54}"
EndProject
Global
	GlobalSection(SolutionConfigurationPlatforms) = preSolution
		Debug|Any CPU = Debug|Any CPU
		Release|Any CPU = Release|Any CPU
	EndGlobalSection
	GlobalSection(ProjectConfigurationPlatforms) = postSolution
		{F10F0021-D21F-41BD-B398-3CDF9BDABA42}.Debug|Any CPU.ActiveCfg = Debug|Any CPU
		{F10F0021-D21F-41BD-B398-3CDF9BDABA42}.Debug|Any CPU.Build.0 = Debug|Any CPU
		{F10F0021-D21F-41BD-B398-3CDF9BDABA42}.Release|Any CPU.ActiveCfg = Release|Any CPU
		{F10F0021-D21F-41BD-B398-3CDF9BDABA42}.Release|Any CPU.Build.0 = Release|Any CPU
		{D2AE3B48-BB83-49FB-ABF5-89E4525F2254}.Debug|Any CPU.ActiveCfg = Debug|Any CPU
		{D2AE3B48-BB83-49FB-ABF5-89E4525F2254}.Debug|Any CPU.Build.0 = Debug|Any CPU
		{D2AE3B48-BB83-49FB-ABF5-89E4525F2254}.Release|Any CPU.ActiveCfg = Release|Any CPU
		{D2AE3B48-BB83-49FB-ABF5-89E4525F2254}.Release|Any CPU.Build.0 = Release|Any CPU
		{CE9B612F-82D5-4179-AB29-FADD4D374573}.Debug|Any CPU.ActiveCfg = Debug|Any CPU
		{CE9B612F-82D5-4179-AB29-FADD4D374573}.Debug|Any CPU.Build.0 = Debug|Any CPU
		{CE9B612F-82D5-4179-AB29-FADD4D374573}.Release|Any CPU.ActiveCfg = Release|Any CPU
		{CE9B612F-82D5-4179-AB29-FADD4D374573}.Release|Any CPU.Build.0 = Release|Any CPU
		{902E31E2-5E9F-4F32-9647-87A4D3DC46F6}.Debug|Any CPU.ActiveCfg = Debug|Any CPU
		{902E31E2-5E9F-4F32-9647-87A4D3DC46F6}.Debug|Any CPU.Build.0 = Debug|Any CPU
		{902E31E2-5E9F-4F32-9647-87A4D3DC46F6}.Release|Any CPU.ActiveCfg = Release|Any CPU
		{902E31E2-5E9F-4F32-9647-87A4D3DC46F6}.Release|Any CPU.Build.0 = Release|Any CPU
		{000143FB-B890-41BB-AB98-E97B81555A54}.Debug|Any CPU.ActiveCfg = Debug|Any CPU
		{000143FB-B890-41BB-AB98-E97B81555A54}.Debug|Any CPU.Build.0 = Debug|Any CPU
		{000143FB-B890-41BB-AB98-E97B81555A54}.Release|Any CPU.ActiveCfg = Release|Any CPU
		{000143FB-B890-41BB-AB98-E97B81555A54}.Release|Any CPU.Build.0 = Release|Any CPU
	EndGlobalSection
	GlobalSection(SolutionProperties) = preSolution
		HideSolutionNode = FALSE
	EndGlobalSection
	GlobalSection(ExtensibilityGlobals) = postSolution
		SolutionGuid = {318F14DC-17A2-4CCE-879D-DDF81E62F03B}
	EndGlobalSection
EndGlobal
